
Microsoft Visual Studio Solution File, Format Version 12.00
# Visual Studio 2012
Project("{2150E333-8FDC-42A3-9474-1A3956D46DE8}") = "1. Domain Entities Layer", "1. Domain Entities Layer", "{7B5D5A9B-EF74-4B1F-A501-4249CC69F1B3}"
EndProject
Project("{2150E333-8FDC-42A3-9474-1A3956D46DE8}") = "2. Repository Layer", "2. Repository Layer", "{33453A07-E29A-4ACE-B856-6DF5462606A2}"
EndProject
Project("{2150E333-8FDC-42A3-9474-1A3956D46DE8}") = "3. Service Layer", "3. Service Layer", "{F4A05B32-8567-4DAC-83E5-7ED0C2F601BC}"
EndProject
Project("{2150E333-8FDC-42A3-9474-1A3956D46DE8}") = "4. Presentation Layer", "4. Presentation Layer", "{B5E5233E-76A3-485C-BE31-7CEC6924C0A4}"
EndProject
Project("{2150E333-8FDC-42A3-9474-1A3956D46DE8}") = "5. Unit Test", "5. Unit Test", "{FF22F52A-9E55-4EF9-BF92-D989CC845202}"
EndProject
Project("{FAE04EC0-301F-11D3-BF4B-00C04F79EFBC}") = "INTEC.Data", "INTEC.Data\INTEC.Data.csproj", "{6F748922-407E-4094-B5E9-B828C74B528C}"
EndProject
Project("{FAE04EC0-301F-11D3-BF4B-00C04F79EFBC}") = "INTEC.Models", "INTEC.Models\INTEC.Models.csproj", "{B902B899-B749-4C89-92A4-9A52E19DF6D3}"
EndProject
Project("{FAE04EC0-301F-11D3-BF4B-00C04F79EFBC}") = "INTEC.Repository", "INTEC.Repository\INTEC.Repository.csproj", "{4CE8040A-94DB-4845-9095-E54097A3F81F}"
EndProject
Global
	GlobalSection(SolutionConfigurationPlatforms) = preSolution
		Debug|Any CPU = Debug|Any CPU
		Release|Any CPU = Release|Any CPU
	EndGlobalSection
	GlobalSection(ProjectConfigurationPlatforms) = postSolution
		{6F748922-407E-4094-B5E9-B828C74B528C}.Debug|Any CPU.ActiveCfg = Debug|Any CPU
		{6F748922-407E-4094-B5E9-B828C74B528C}.Debug|Any CPU.Build.0 = Debug|Any CPU
		{6F748922-407E-4094-B5E9-B828C74B528C}.Release|Any CPU.ActiveCfg = Release|Any CPU
		{6F748922-407E-4094-B5E9-B828C74B528C}.Release|Any CPU.Build.0 = Release|Any CPU
		{B902B899-B749-4C89-92A4-9A52E19DF6D3}.Debug|Any CPU.ActiveCfg = Debug|Any CPU
		{B902B899-B749-4C89-92A4-9A52E19DF6D3}.Debug|Any CPU.Build.0 = Debug|Any CPU
		{B902B899-B749-4C89-92A4-9A52E19DF6D3}.Release|Any CPU.ActiveCfg = Release|Any CPU
		{B902B899-B749-4C89-92A4-9A52E19DF6D3}.Release|Any CPU.Build.0 = Release|Any CPU
		{4CE8040A-94DB-4845-9095-E54097A3F81F}.Debug|Any CPU.ActiveCfg = Debug|Any CPU
		{4CE8040A-94DB-4845-9095-E54097A3F81F}.Debug|Any CPU.Build.0 = Debug|Any CPU
		{4CE8040A-94DB-4845-9095-E54097A3F81F}.Release|Any CPU.ActiveCfg = Release|Any CPU
		{4CE8040A-94DB-4845-9095-E54097A3F81F}.Release|Any CPU.Build.0 = Release|Any CPU
	EndGlobalSection
	GlobalSection(NestedProjects) = preSolution
		{6F748922-407E-4094-B5E9-B828C74B528C} = {7B5D5A9B-EF74-4B1F-A501-4249CC69F1B3}
		{B902B899-B749-4C89-92A4-9A52E19DF6D3} = {7B5D5A9B-EF74-4B1F-A501-4249CC69F1B3}
		{4CE8040A-94DB-4845-9095-E54097A3F81F} = {33453A07-E29A-4ACE-B856-6DF5462606A2}
	EndGlobalSection
EndGlobal
